// !$*UTF8*$!
{
	archiveVersion = 1;
	classes = {
	};
	objectVersion = 56;
	objects = {

/* Begin PBXBuildFile section */
		AA46979A2AC7C37600252289 /* Joystick.swift in Sources */ = {isa = PBXBuildFile; fileRef = AA4697992AC7C37600252289 /* Joystick.swift */; };
		AA53B6672AC5B20100F411E7 /* Ghost.swift in Sources */ = {isa = PBXBuildFile; fileRef = AA53B6662AC5B20100F411E7 /* Ghost.swift */; };
		AA53B6692AC5BD3000F411E7 /* CharacterDisplay.swift in Sources */ = {isa = PBXBuildFile; fileRef = AA53B6682AC5BD3000F411E7 /* CharacterDisplay.swift */; };
		AABAD01E2AC527E10085E6C8 /* PacManApp.swift in Sources */ = {isa = PBXBuildFile; fileRef = AABAD01D2AC527E10085E6C8 /* PacManApp.swift */; };
		AABAD0222AC527E20085E6C8 /* Assets.xcassets in Resources */ = {isa = PBXBuildFile; fileRef = AABAD0212AC527E20085E6C8 /* Assets.xcassets */; };
		AABAD0252AC527E20085E6C8 /* Preview Assets.xcassets in Resources */ = {isa = PBXBuildFile; fileRef = AABAD0242AC527E20085E6C8 /* Preview Assets.xcassets */; };
		AABAD02C2AC5282F0085E6C8 /* PacMan.swift in Sources */ = {isa = PBXBuildFile; fileRef = AABAD02B2AC5282F0085E6C8 /* PacMan.swift */; };
		AABAD02E2AC52BD00085E6C8 /* GameView.swift in Sources */ = {isa = PBXBuildFile; fileRef = AABAD02D2AC52BD00085E6C8 /* GameView.swift */; };
		AABAD0302AC52C5E0085E6C8 /* PressableButton.swift in Sources */ = {isa = PBXBuildFile; fileRef = AABAD02F2AC52C5E0085E6C8 /* PressableButton.swift */; };
		AABAD0322AC52FD20085E6C8 /* Pellets.swift in Sources */ = {isa = PBXBuildFile; fileRef = AABAD0312AC52FD20085E6C8 /* Pellets.swift */; };
/* End PBXBuildFile section */

/* Begin PBXFileReference section */
		AA4697992AC7C37600252289 /* Joystick.swift */ = {isa = PBXFileReference; lastKnownFileType = sourcecode.swift; path = Joystick.swift; sourceTree = "<group>"; };
		AA53B6662AC5B20100F411E7 /* Ghost.swift */ = {isa = PBXFileReference; lastKnownFileType = sourcecode.swift; path = Ghost.swift; sourceTree = "<group>"; };
		AA53B6682AC5BD3000F411E7 /* CharacterDisplay.swift */ = {isa = PBXFileReference; lastKnownFileType = sourcecode.swift; path = CharacterDisplay.swift; sourceTree = "<group>"; };
		AABAD01A2AC527E10085E6C8 /* Pac-Man.app */ = {isa = PBXFileReference; explicitFileType = wrapper.application; includeInIndex = 0; path = "Pac-Man.app"; sourceTree = BUILT_PRODUCTS_DIR; };
		AABAD01D2AC527E10085E6C8 /* PacManApp.swift */ = {isa = PBXFileReference; lastKnownFileType = sourcecode.swift; path = PacManApp.swift; sourceTree = "<group>"; };
		AABAD0212AC527E20085E6C8 /* Assets.xcassets */ = {isa = PBXFileReference; lastKnownFileType = folder.assetcatalog; path = Assets.xcassets; sourceTree = "<group>"; };
		AABAD0242AC527E20085E6C8 /* Preview Assets.xcassets */ = {isa = PBXFileReference; lastKnownFileType = folder.assetcatalog; path = "Preview Assets.xcassets"; sourceTree = "<group>"; };
		AABAD02B2AC5282F0085E6C8 /* PacMan.swift */ = {isa = PBXFileReference; lastKnownFileType = sourcecode.swift; path = PacMan.swift; sourceTree = "<group>"; };
		AABAD02D2AC52BD00085E6C8 /* GameView.swift */ = {isa = PBXFileReference; lastKnownFileType = sourcecode.swift; path = GameView.swift; sourceTree = "<group>"; };
		AABAD02F2AC52C5E0085E6C8 /* PressableButton.swift */ = {isa = PBXFileReference; lastKnownFileType = sourcecode.swift; path = PressableButton.swift; sourceTree = "<group>"; };
		AABAD0312AC52FD20085E6C8 /* Pellets.swift */ = {isa = PBXFileReference; lastKnownFileType = sourcecode.swift; path = Pellets.swift; sourceTree = "<group>"; };
/* End PBXFileReference section */

/* Begin PBXFrameworksBuildPhase section */
		AABAD0172AC527E10085E6C8 /* Frameworks */ = {
			isa = PBXFrameworksBuildPhase;
			buildActionMask = 2147483647;
			files = (
			);
			runOnlyForDeploymentPostprocessing = 0;
		};
/* End PBXFrameworksBuildPhase section */

/* Begin PBXGroup section */
		AAA458662AC7B23E00B7631D /* Characters */ = {
			isa = PBXGroup;
			children = (
				AA53B6682AC5BD3000F411E7 /* CharacterDisplay.swift */,
				AABAD02B2AC5282F0085E6C8 /* PacMan.swift */,
				AA53B6662AC5B20100F411E7 /* Ghost.swift */,
			);
			path = Characters;
			sourceTree = "<group>";
		};
		AAA458672AC7B24E00B7631D /* Objects */ = {
			isa = PBXGroup;
			children = (
				AABAD0312AC52FD20085E6C8 /* Pellets.swift */,
				AA4697992AC7C37600252289 /* Joystick.swift */,
			);
			path = Objects;
			sourceTree = "<group>";
		};
		AAA458682AC7B25F00B7631D /* Utilities */ = {
			isa = PBXGroup;
			children = (
				AABAD02F2AC52C5E0085E6C8 /* PressableButton.swift */,
			);
			path = Utilities;
			sourceTree = "<group>";
		};
		AAA458692AC7B27100B7631D /* Game */ = {
			isa = PBXGroup;
			children = (
				AABAD02D2AC52BD00085E6C8 /* GameView.swift */,
			);
			path = Game;
			sourceTree = "<group>";
		};
		AABAD0112AC527E10085E6C8 = {
			isa = PBXGroup;
			children = (
				AABAD01C2AC527E10085E6C8 /* Pac-Man */,
				AABAD01B2AC527E10085E6C8 /* Products */,
			);
			sourceTree = "<group>";
		};
		AABAD01B2AC527E10085E6C8 /* Products */ = {
			isa = PBXGroup;
			children = (
				AABAD01A2AC527E10085E6C8 /* Pac-Man.app */,
			);
			name = Products;
			sourceTree = "<group>";
		};
		AABAD01C2AC527E10085E6C8 /* Pac-Man */ = {
			isa = PBXGroup;
			children = (
				AABAD01D2AC527E10085E6C8 /* PacManApp.swift */,
				AAA458692AC7B27100B7631D /* Game */,
				AAA458662AC7B23E00B7631D /* Characters */,
				AAA458672AC7B24E00B7631D /* Objects */,
				AAA458682AC7B25F00B7631D /* Utilities */,
				AABAD0212AC527E20085E6C8 /* Assets.xcassets */,
				AABAD0232AC527E20085E6C8 /* Preview Content */,
			);
			path = "Pac-Man";
			sourceTree = "<group>";
		};
		AABAD0232AC527E20085E6C8 /* Preview Content */ = {
			isa = PBXGroup;
			children = (
				AABAD0242AC527E20085E6C8 /* Preview Assets.xcassets */,
			);
			path = "Preview Content";
			sourceTree = "<group>";
		};
/* End PBXGroup section */

/* Begin PBXNativeTarget section */
		AABAD0192AC527E10085E6C8 /* Pac-Man */ = {
			isa = PBXNativeTarget;
			buildConfigurationList = AABAD0282AC527E20085E6C8 /* Build configuration list for PBXNativeTarget "Pac-Man" */;
			buildPhases = (
				AABAD0162AC527E10085E6C8 /* Sources */,
				AABAD0172AC527E10085E6C8 /* Frameworks */,
				AABAD0182AC527E10085E6C8 /* Resources */,
			);
			buildRules = (
			);
			dependencies = (
			);
			name = "Pac-Man";
			productName = PacMan;
			productReference = AABAD01A2AC527E10085E6C8 /* Pac-Man.app */;
			productType = "com.apple.product-type.application";
		};
/* End PBXNativeTarget section */

/* Begin PBXProject section */
		AABAD0122AC527E10085E6C8 /* Project object */ = {
			isa = PBXProject;
			attributes = {
				BuildIndependentTargetsInParallel = 1;
				LastSwiftUpdateCheck = 1500;
				LastUpgradeCheck = 1500;
				TargetAttributes = {
					AABAD0192AC527E10085E6C8 = {
						CreatedOnToolsVersion = 15.0;
					};
				};
			};
			buildConfigurationList = AABAD0152AC527E10085E6C8 /* Build configuration list for PBXProject "Pac-Man" */;
			compatibilityVersion = "Xcode 14.0";
			developmentRegion = en;
			hasScannedForEncodings = 0;
			knownRegions = (
				en,
				Base,
			);
			mainGroup = AABAD0112AC527E10085E6C8;
			productRefGroup = AABAD01B2AC527E10085E6C8 /* Products */;
			projectDirPath = "";
			projectRoot = "";
			targets = (
				AABAD0192AC527E10085E6C8 /* Pac-Man */,
			);
		};
/* End PBXProject section */

/* Begin PBXResourcesBuildPhase section */
		AABAD0182AC527E10085E6C8 /* Resources */ = {
			isa = PBXResourcesBuildPhase;
			buildActionMask = 2147483647;
			files = (
				AABAD0252AC527E20085E6C8 /* Preview Assets.xcassets in Resources */,
				AABAD0222AC527E20085E6C8 /* Assets.xcassets in Resources */,
			);
			runOnlyForDeploymentPostprocessing = 0;
		};
/* End PBXResourcesBuildPhase section */

/* Begin PBXSourcesBuildPhase section */
		AABAD0162AC527E10085E6C8 /* Sources */ = {
			isa = PBXSourcesBuildPhase;
			buildActionMask = 2147483647;
			files = (
				AABAD0302AC52C5E0085E6C8 /* PressableButton.swift in Sources */,
				AA46979A2AC7C37600252289 /* Joystick.swift in Sources */,
				AABAD0322AC52FD20085E6C8 /* Pellets.swift in Sources */,
				AA53B6692AC5BD3000F411E7 /* CharacterDisplay.swift in Sources */,
				AABAD02C2AC5282F0085E6C8 /* PacMan.swift in Sources */,
				AABAD02E2AC52BD00085E6C8 /* GameView.swift in Sources */,
				AABAD01E2AC527E10085E6C8 /* PacManApp.swift in Sources */,
				AA53B6672AC5B20100F411E7 /* Ghost.swift in Sources */,
			);
			runOnlyForDeploymentPostprocessing = 0;
		};
/* End PBXSourcesBuildPhase section */

/* Begin XCBuildConfiguration section */
		AABAD0262AC527E20085E6C8 /* Debug */ = {
			isa = XCBuildConfiguration;
			buildSettings = {
				ALWAYS_SEARCH_USER_PATHS = NO;
				ASSETCATALOG_COMPILER_GENERATE_SWIFT_ASSET_SYMBOL_EXTENSIONS = YES;
				CLANG_ANALYZER_NONNULL = YES;
				CLANG_ANALYZER_NUMBER_OBJECT_CONVERSION = YES_AGGRESSIVE;
				CLANG_CXX_LANGUAGE_STANDARD = "gnu++20";
				CLANG_ENABLE_MODULES = YES;
				CLANG_ENABLE_OBJC_ARC = YES;
				CLANG_ENABLE_OBJC_WEAK = YES;
				CLANG_WARN_BLOCK_CAPTURE_AUTORELEASING = YES;
				CLANG_WARN_BOOL_CONVERSION = YES;
				CLANG_WARN_COMMA = YES;
				CLANG_WARN_CONSTANT_CONVERSION = YES;
				CLANG_WARN_DEPRECATED_OBJC_IMPLEMENTATIONS = YES;
				CLANG_WARN_DIRECT_OBJC_ISA_USAGE = YES_ERROR;
				CLANG_WARN_DOCUMENTATION_COMMENTS = YES;
				CLANG_WARN_EMPTY_BODY = YES;
				CLANG_WARN_ENUM_CONVERSION = YES;
				CLANG_WARN_INFINITE_RECURSION = YES;
				CLANG_WARN_INT_CONVERSION = YES;
				CLANG_WARN_NON_LITERAL_NULL_CONVERSION = YES;
				CLANG_WARN_OBJC_IMPLICIT_RETAIN_SELF = YES;
				CLANG_WARN_OBJC_LITERAL_CONVERSION = YES;
				CLANG_WARN_OBJC_ROOT_CLASS = YES_ERROR;
				CLANG_WARN_QUOTED_INCLUDE_IN_FRAMEWORK_HEADER = YES;
				CLANG_WARN_RANGE_LOOP_ANALYSIS = YES;
				CLANG_WARN_STRICT_PROTOTYPES = YES;
				CLANG_WARN_SUSPICIOUS_MOVE = YES;
				CLANG_WARN_UNGUARDED_AVAILABILITY = YES_AGGRESSIVE;
				CLANG_WARN_UNREACHABLE_CODE = YES;
				CLANG_WARN__DUPLICATE_METHOD_MATCH = YES;
				COPY_PHASE_STRIP = NO;
				DEBUG_INFORMATION_FORMAT = dwarf;
				ENABLE_STRICT_OBJC_MSGSEND = YES;
				ENABLE_TESTABILITY = YES;
				ENABLE_USER_SCRIPT_SANDBOXING = YES;
				GCC_C_LANGUAGE_STANDARD = gnu17;
				GCC_DYNAMIC_NO_PIC = NO;
				GCC_NO_COMMON_BLOCKS = YES;
				GCC_OPTIMIZATION_LEVEL = 0;
				GCC_PREPROCESSOR_DEFINITIONS = (
					"DEBUG=1",
					"$(inherited)",
				);
				GCC_WARN_64_TO_32_BIT_CONVERSION = YES;
				GCC_WARN_ABOUT_RETURN_TYPE = YES_ERROR;
				GCC_WARN_UNDECLARED_SELECTOR = YES;
				GCC_WARN_UNINITIALIZED_AUTOS = YES_AGGRESSIVE;
				GCC_WARN_UNUSED_FUNCTION = YES;
				GCC_WARN_UNUSED_VARIABLE = YES;
				IPHONEOS_DEPLOYMENT_TARGET = 17.0;
				LOCALIZATION_PREFERS_STRING_CATALOGS = YES;
				MTL_ENABLE_DEBUG_INFO = INCLUDE_SOURCE;
				MTL_FAST_MATH = YES;
				ONLY_ACTIVE_ARCH = YES;
				SDKROOT = iphoneos;
				SWIFT_ACTIVE_COMPILATION_CONDITIONS = "DEBUG $(inherited)";
				SWIFT_OPTIMIZATION_LEVEL = "-Onone";
			};
			name = Debug;
		};
		AABAD0272AC527E20085E6C8 /* Release */ = {
			isa = XCBuildConfiguration;
			buildSettings = {
				ALWAYS_SEARCH_USER_PATHS = NO;
				ASSETCATALOG_COMPILER_GENERATE_SWIFT_ASSET_SYMBOL_EXTENSIONS = YES;
				CLANG_ANALYZER_NONNULL = YES;
				CLANG_ANALYZER_NUMBER_OBJECT_CONVERSION = YES_AGGRESSIVE;
				CLANG_CXX_LANGUAGE_STANDARD = "gnu++20";
				CLANG_ENABLE_MODULES = YES;
				CLANG_ENABLE_OBJC_ARC = YES;
				CLANG_ENABLE_OBJC_WEAK = YES;
				CLANG_WARN_BLOCK_CAPTURE_AUTORELEASING = YES;
				CLANG_WARN_BOOL_CONVERSION = YES;
				CLANG_WARN_COMMA = YES;
				CLANG_WARN_CONSTANT_CONVERSION = YES;
				CLANG_WARN_DEPRECATED_OBJC_IMPLEMENTATIONS = YES;
				CLANG_WARN_DIRECT_OBJC_ISA_USAGE = YES_ERROR;
				CLANG_WARN_DOCUMENTATION_COMMENTS = YES;
				CLANG_WARN_EMPTY_BODY = YES;
				CLANG_WARN_ENUM_CONVERSION = YES;
				CLANG_WARN_INFINITE_RECURSION = YES;
				CLANG_WARN_INT_CONVERSION = YES;
				CLANG_WARN_NON_LITERAL_NULL_CONVERSION = YES;
				CLANG_WARN_OBJC_IMPLICIT_RETAIN_SELF = YES;
				CLANG_WARN_OBJC_LITERAL_CONVERSION = YES;
				CLANG_WARN_OBJC_ROOT_CLASS = YES_ERROR;
				CLANG_WARN_QUOTED_INCLUDE_IN_FRAMEWORK_HEADER = YES;
				CLANG_WARN_RANGE_LOOP_ANALYSIS = YES;
				CLANG_WARN_STRICT_PROTOTYPES = YES;
				CLANG_WARN_SUSPICIOUS_MOVE = YES;
				CLANG_WARN_UNGUARDED_AVAILABILITY = YES_AGGRESSIVE;
				CLANG_WARN_UNREACHABLE_CODE = YES;
				CLANG_WARN__DUPLICATE_METHOD_MATCH = YES;
				COPY_PHASE_STRIP = NO;
				DEBUG_INFORMATION_FORMAT = "dwarf-with-dsym";
				ENABLE_NS_ASSERTIONS = NO;
				ENABLE_STRICT_OBJC_MSGSEND = YES;
				ENABLE_USER_SCRIPT_SANDBOXING = YES;
				GCC_C_LANGUAGE_STANDARD = gnu17;
				GCC_NO_COMMON_BLOCKS = YES;
				GCC_WARN_64_TO_32_BIT_CONVERSION = YES;
				GCC_WARN_ABOUT_RETURN_TYPE = YES_ERROR;
				GCC_WARN_UNDECLARED_SELECTOR = YES;
				GCC_WARN_UNINITIALIZED_AUTOS = YES_AGGRESSIVE;
				GCC_WARN_UNUSED_FUNCTION = YES;
				GCC_WARN_UNUSED_VARIABLE = YES;
				IPHONEOS_DEPLOYMENT_TARGET = 17.0;
				LOCALIZATION_PREFERS_STRING_CATALOGS = YES;
				MTL_ENABLE_DEBUG_INFO = NO;
				MTL_FAST_MATH = YES;
				SDKROOT = iphoneos;
				SWIFT_COMPILATION_MODE = wholemodule;
				VALIDATE_PRODUCT = YES;
			};
			name = Release;
		};
		AABAD0292AC527E20085E6C8 /* Debug */ = {
			isa = XCBuildConfiguration;
			buildSettings = {
				ASSETCATALOG_COMPILER_APPICON_NAME = AppIcon;
				ASSETCATALOG_COMPILER_GLOBAL_ACCENT_COLOR_NAME = AccentColor;
				CODE_SIGN_STYLE = Automatic;
				CURRENT_PROJECT_VERSION = 1;
				DEVELOPMENT_ASSET_PATHS = "\"Pac-Man/Preview Content\"";
				ENABLE_PREVIEWS = YES;
				GENERATE_INFOPLIST_FILE = YES;
				INFOPLIST_KEY_UIApplicationSceneManifest_Generation = YES;
				INFOPLIST_KEY_UIApplicationSupportsIndirectInputEvents = YES;
				INFOPLIST_KEY_UILaunchScreen_Generation = YES;
				INFOPLIST_KEY_UISupportedInterfaceOrientations_iPad = "UIInterfaceOrientationPortrait UIInterfaceOrientationPortraitUpsideDown UIInterfaceOrientationLandscapeLeft UIInterfaceOrientationLandscapeRight";
				INFOPLIST_KEY_UISupportedInterfaceOrientations_iPhone = "UIInterfaceOrientationPortrait UIInterfaceOrientationLandscapeLeft UIInterfaceOrientationLandscapeRight";
				LD_RUNPATH_SEARCH_PATHS = (
					"$(inherited)",
					"@executable_path/Frameworks",
				);
				MARKETING_VERSION = 1.0;
				PRODUCT_BUNDLE_IDENTIFIER = com.christianlavelle.PacMan;
				PRODUCT_NAME = "$(TARGET_NAME)";
				SWIFT_EMIT_LOC_STRINGS = YES;
				SWIFT_VERSION = 5.0;
				TARGETED_DEVICE_FAMILY = "1,2";
			};
			name = Debug;
		};
		AABAD02A2AC527E20085E6C8 /* Release */ = {
			isa = XCBuildConfiguration;
			buildSettings = {
				ASSETCATALOG_COMPILER_APPICON_NAME = AppIcon;
				ASSETCATALOG_COMPILER_GLOBAL_ACCENT_COLOR_NAME = AccentColor;
				CODE_SIGN_STYLE = Automatic;
				CURRENT_PROJECT_VERSION = 1;
				DEVELOPMENT_ASSET_PATHS = "\"Pac-Man/Preview Content\"";
				ENABLE_PREVIEWS = YES;
				GENERATE_INFOPLIST_FILE = YES;
				INFOPLIST_KEY_UIApplicationSceneManifest_Generation = YES;
				INFOPLIST_KEY_UIApplicationSupportsIndirectInputEvents = YES;
				INFOPLIST_KEY_UILaunchScreen_Generation = YES;
				INFOPLIST_KEY_UISupportedInterfaceOrientations_iPad = "UIInterfaceOrientationPortrait UIInterfaceOrientationPortraitUpsideDown UIInterfaceOrientationLandscapeLeft UIInterfaceOrientationLandscapeRight";
				INFOPLIST_KEY_UISupportedInterfaceOrientations_iPhone = "UIInterfaceOrientationPortrait UIInterfaceOrientationLandscapeLeft UIInterfaceOrientationLandscapeRight";
				LD_RUNPATH_SEARCH_PATHS = (
					"$(inherited)",
					"@executable_path/Frameworks",
				);
				MARKETING_VERSION = 1.0;
				PRODUCT_BUNDLE_IDENTIFIER = com.christianlavelle.PacMan;
				PRODUCT_NAME = "$(TARGET_NAME)";
				SWIFT_EMIT_LOC_STRINGS = YES;
				SWIFT_VERSION = 5.0;
				TARGETED_DEVICE_FAMILY = "1,2";
			};
			name = Release;
		};
/* End XCBuildConfiguration section */

/* Begin XCConfigurationList section */
		AABAD0152AC527E10085E6C8 /* Build configuration list for PBXProject "Pac-Man" */ = {
			isa = XCConfigurationList;
			buildConfigurations = (
				AABAD0262AC527E20085E6C8 /* Debug */,
				AABAD0272AC527E20085E6C8 /* Release */,
			);
			defaultConfigurationIsVisible = 0;
			defaultConfigurationName = Release;
		};
		AABAD0282AC527E20085E6C8 /* Build configuration list for PBXNativeTarget "Pac-Man" */ = {
			isa = XCConfigurationList;
			buildConfigurations = (
				AABAD0292AC527E20085E6C8 /* Debug */,
				AABAD02A2AC527E20085E6C8 /* Release */,
			);
			defaultConfigurationIsVisible = 0;
			defaultConfigurationName = Release;
		};
/* End XCConfigurationList section */
	};
	rootObject = AABAD0122AC527E10085E6C8 /* Project object */;
}
